
Microsoft Visual Studio Solution File, Format Version 12.00
# Visual Studio Version 17
VisualStudioVersion = 17.8.34511.84
MinimumVisualStudioVersion = 10.0.40219.1
Project("{FAE04EC0-301F-11D3-BF4B-00C04F79EFBC}") = "BruteForce", "BruteForce\BruteForce.csproj", "{4CBAFE86-64AC-459E-A259-59E4A0873059}"
EndProject
Project("{FAE04EC0-301F-11D3-BF4B-00C04F79EFBC}") = "UnitTests", "UnitTests\UnitTests.csproj", "{616B1EC2-66D5-4725-8758-7A2A43B84BE5}"
EndProject
Global
	GlobalSection(SolutionConfigurationPlatforms) = preSolution
		Debug|Any CPU = Debug|Any CPU
		Release|Any CPU = Release|Any CPU
	EndGlobalSection
	GlobalSection(ProjectConfigurationPlatforms) = postSolution
		{4CBAFE86-64AC-459E-A259-59E4A0873059}.Debug|Any CPU.ActiveCfg = Debug|Any CPU
		{4CBAFE86-64AC-459E-A259-59E4A0873059}.Debug|Any CPU.Build.0 = Debug|Any CPU
		{4CBAFE86-64AC-459E-A259-59E4A0873059}.Release|Any CPU.ActiveCfg = Release|Any CPU
		{4CBAFE86-64AC-459E-A259-59E4A0873059}.Release|Any CPU.Build.0 = Release|Any CPU
		{616B1EC2-66D5-4725-8758-7A2A43B84BE5}.Debug|Any CPU.ActiveCfg = Debug|Any CPU
		{616B1EC2-66D5-4725-8758-7A2A43B84BE5}.Debug|Any CPU.Build.0 = Debug|Any CPU
		{616B1EC2-66D5-4725-8758-7A2A43B84BE5}.Release|Any CPU.ActiveCfg = Release|Any CPU
		{616B1EC2-66D5-4725-8758-7A2A43B84BE5}.Release|Any CPU.Build.0 = Release|Any CPU
	EndGlobalSection
	GlobalSection(SolutionProperties) = preSolution
		HideSolutionNode = FALSE
	EndGlobalSection
	GlobalSection(ExtensibilityGlobals) = postSolution
		SolutionGuid = {A60422A4-E1CB-4AB9-BC4F-A8611FAC7014}
	EndGlobalSection
EndGlobal
